// !$*UTF8*$!
{
	archiveVersion = 1;
	classes = {
	};
	objectVersion = 50;
	objects = {

/* Begin PBXBuildFile section */
		84334DF226909D6500631A9B /* AppDelegate.swift in Sources */ = {isa = PBXBuildFile; fileRef = 84334DF126909D6500631A9B /* AppDelegate.swift */; };
		84334DF426909D6500631A9B /* SceneDelegate.swift in Sources */ = {isa = PBXBuildFile; fileRef = 84334DF326909D6500631A9B /* SceneDelegate.swift */; };
		84334DF626909D6500631A9B /* ViewController.swift in Sources */ = {isa = PBXBuildFile; fileRef = 84334DF526909D6500631A9B /* ViewController.swift */; };
		84334DF926909D6500631A9B /* Main.storyboard in Resources */ = {isa = PBXBuildFile; fileRef = 84334DF726909D6500631A9B /* Main.storyboard */; };
		84334DFC26909D6500631A9B /* Note_Me.xcdatamodeld in Sources */ = {isa = PBXBuildFile; fileRef = 84334DFA26909D6500631A9B /* Note_Me.xcdatamodeld */; };
		84334DFE26909D6A00631A9B /* Assets.xcassets in Resources */ = {isa = PBXBuildFile; fileRef = 84334DFD26909D6A00631A9B /* Assets.xcassets */; };
		84334E0126909D6A00631A9B /* LaunchScreen.storyboard in Resources */ = {isa = PBXBuildFile; fileRef = 84334DFF26909D6A00631A9B /* LaunchScreen.storyboard */; };
/* End PBXBuildFile section */

/* Begin PBXFileReference section */
		84334DEE26909D6500631A9B /* Note-Me.app */ = {isa = PBXFileReference; explicitFileType = wrapper.application; includeInIndex = 0; path = "Note-Me.app"; sourceTree = BUILT_PRODUCTS_DIR; };
		84334DF126909D6500631A9B /* AppDelegate.swift */ = {isa = PBXFileReference; lastKnownFileType = sourcecode.swift; path = AppDelegate.swift; sourceTree = "<group>"; };
		84334DF326909D6500631A9B /* SceneDelegate.swift */ = {isa = PBXFileReference; lastKnownFileType = sourcecode.swift; path = SceneDelegate.swift; sourceTree = "<group>"; };
		84334DF526909D6500631A9B /* ViewController.swift */ = {isa = PBXFileReference; lastKnownFileType = sourcecode.swift; path = ViewController.swift; sourceTree = "<group>"; };
		84334DF826909D6500631A9B /* Base */ = {isa = PBXFileReference; lastKnownFileType = file.storyboard; name = Base; path = Base.lproj/Main.storyboard; sourceTree = "<group>"; };
		84334DFB26909D6500631A9B /* Note_Me.xcdatamodel */ = {isa = PBXFileReference; lastKnownFileType = wrapper.xcdatamodel; path = Note_Me.xcdatamodel; sourceTree = "<group>"; };
		84334DFD26909D6A00631A9B /* Assets.xcassets */ = {isa = PBXFileReference; lastKnownFileType = folder.assetcatalog; path = Assets.xcassets; sourceTree = "<group>"; };
		84334E0026909D6A00631A9B /* Base */ = {isa = PBXFileReference; lastKnownFileType = file.storyboard; name = Base; path = Base.lproj/LaunchScreen.storyboard; sourceTree = "<group>"; };
		84334E0226909D6A00631A9B /* Info.plist */ = {isa = PBXFileReference; lastKnownFileType = text.plist.xml; path = Info.plist; sourceTree = "<group>"; };
/* End PBXFileReference section */

/* Begin PBXFrameworksBuildPhase section */
		84334DEB26909D6500631A9B /* Frameworks */ = {
			isa = PBXFrameworksBuildPhase;
			buildActionMask = 2147483647;
			files = (
			);
			runOnlyForDeploymentPostprocessing = 0;
		};
/* End PBXFrameworksBuildPhase section */

/* Begin PBXGroup section */
		84334DE526909D6500631A9B = {
			isa = PBXGroup;
			children = (
				84334DF026909D6500631A9B /* Note-Me */,
				84334DEF26909D6500631A9B /* Products */,
			);
			sourceTree = "<group>";
		};
		84334DEF26909D6500631A9B /* Products */ = {
			isa = PBXGroup;
			children = (
				84334DEE26909D6500631A9B /* Note-Me.app */,
			);
			name = Products;
			sourceTree = "<group>";
		};
		84334DF026909D6500631A9B /* Note-Me */ = {
			isa = PBXGroup;
			children = (
				84334DF126909D6500631A9B /* AppDelegate.swift */,
				84334DF326909D6500631A9B /* SceneDelegate.swift */,
				84334DF526909D6500631A9B /* ViewController.swift */,
				84334DF726909D6500631A9B /* Main.storyboard */,
				84334DFD26909D6A00631A9B /* Assets.xcassets */,
				84334DFF26909D6A00631A9B /* LaunchScreen.storyboard */,
				84334E0226909D6A00631A9B /* Info.plist */,
				84334DFA26909D6500631A9B /* Note_Me.xcdatamodeld */,
			);
			path = "Note-Me";
			sourceTree = "<group>";
		};
/* End PBXGroup section */

/* Begin PBXNativeTarget section */
		84334DED26909D6500631A9B /* Note-Me */ = {
			isa = PBXNativeTarget;
			buildConfigurationList = 84334E0526909D6A00631A9B /* Build configuration list for PBXNativeTarget "Note-Me" */;
			buildPhases = (
				84334DEA26909D6500631A9B /* Sources */,
				84334DEB26909D6500631A9B /* Frameworks */,
				84334DEC26909D6500631A9B /* Resources */,
			);
			buildRules = (
			);
			dependencies = (
			);
			name = "Note-Me";
			productName = "Note-Me";
			productReference = 84334DEE26909D6500631A9B /* Note-Me.app */;
			productType = "com.apple.product-type.application";
		};
/* End PBXNativeTarget section */

/* Begin PBXProject section */
		84334DE626909D6500631A9B /* Project object */ = {
			isa = PBXProject;
			attributes = {
				LastSwiftUpdateCheck = 1140;
				LastUpgradeCheck = 1140;
				ORGANIZATIONNAME = "Success Resource Pte Ltd.";
				TargetAttributes = {
					84334DED26909D6500631A9B = {
						CreatedOnToolsVersion = 11.4.1;
					};
				};
			};
			buildConfigurationList = 84334DE926909D6500631A9B /* Build configuration list for PBXProject "Note-Me" */;
			compatibilityVersion = "Xcode 9.3";
			developmentRegion = en;
			hasScannedForEncodings = 0;
			knownRegions = (
				en,
				Base,
			);
			mainGroup = 84334DE526909D6500631A9B;
			productRefGroup = 84334DEF26909D6500631A9B /* Products */;
			projectDirPath = "";
			projectRoot = "";
			targets = (
				84334DED26909D6500631A9B /* Note-Me */,
			);
		};
/* End PBXProject section */

/* Begin PBXResourcesBuildPhase section */
		84334DEC26909D6500631A9B /* Resources */ = {
			isa = PBXResourcesBuildPhase;
			buildActionMask = 2147483647;
			files = (
				84334E0126909D6A00631A9B /* LaunchScreen.storyboard in Resources */,
				84334DFE26909D6A00631A9B /* Assets.xcassets in Resources */,
				84334DF926909D6500631A9B /* Main.storyboard in Resources */,
			);
			runOnlyForDeploymentPostprocessing = 0;
		};
/* End PBXResourcesBuildPhase section */

/* Begin PBXSourcesBuildPhase section */
		84334DEA26909D6500631A9B /* Sources */ = {
			isa = PBXSourcesBuildPhase;
			buildActionMask = 2147483647;
			files = (
				84334DF626909D6500631A9B /* ViewController.swift in Sources */,
				84334DF226909D6500631A9B /* AppDelegate.swift in Sources */,
				84334DF426909D6500631A9B /* SceneDelegate.swift in Sources */,
				84334DFC26909D6500631A9B /* Note_Me.xcdatamodeld in Sources */,
			);
			runOnlyForDeploymentPostprocessing = 0;
		};
/* End PBXSourcesBuildPhase section */

/* Begin PBXVariantGroup section */
		84334DF726909D6500631A9B /* Main.storyboard */ = {
			isa = PBXVariantGroup;
			children = (
				84334DF826909D6500631A9B /* Base */,
			);
			name = Main.storyboard;
			sourceTree = "<group>";
		};
		84334DFF26909D6A00631A9B /* LaunchScreen.storyboard */ = {
			isa = PBXVariantGroup;
			children = (
				84334E0026909D6A00631A9B /* Base */,
			);
			name = LaunchScreen.storyboard;
			sourceTree = "<group>";
		};
/* End PBXVariantGroup section */

/* Begin XCBuildConfiguration section */
		84334E0326909D6A00631A9B /* Debug */ = {
			isa = XCBuildConfiguration;
			buildSettings = {
				ALWAYS_SEARCH_USER_PATHS = NO;
				CLANG_ANALYZER_NONNULL = YES;
				CLANG_ANALYZER_NUMBER_OBJECT_CONVERSION = YES_AGGRESSIVE;
				CLANG_CXX_LANGUAGE_STANDARD = "gnu++14";
				CLANG_CXX_LIBRARY = "libc++";
				CLANG_ENABLE_MODULES = YES;
				CLANG_ENABLE_OBJC_ARC = YES;
				CLANG_ENABLE_OBJC_WEAK = YES;
				CLANG_WARN_BLOCK_CAPTURE_AUTORELEASING = YES;
				CLANG_WARN_BOOL_CONVERSION = YES;
				CLANG_WARN_COMMA = YES;
				CLANG_WARN_CONSTANT_CONVERSION = YES;
				CLANG_WARN_DEPRECATED_OBJC_IMPLEMENTATIONS = YES;
				CLANG_WARN_DIRECT_OBJC_ISA_USAGE = YES_ERROR;
				CLANG_WARN_DOCUMENTATION_COMMENTS = YES;
				CLANG_WARN_EMPTY_BODY = YES;
				CLANG_WARN_ENUM_CONVERSION = YES;
				CLANG_WARN_INFINITE_RECURSION = YES;
				CLANG_WARN_INT_CONVERSION = YES;
				CLANG_WARN_NON_LITERAL_NULL_CONVERSION = YES;
				CLANG_WARN_OBJC_IMPLICIT_RETAIN_SELF = YES;
				CLANG_WARN_OBJC_LITERAL_CONVERSION = YES;
				CLANG_WARN_OBJC_ROOT_CLASS = YES_ERROR;
				CLANG_WARN_RANGE_LOOP_ANALYSIS = YES;
				CLANG_WARN_STRICT_PROTOTYPES = YES;
				CLANG_WARN_SUSPICIOUS_MOVE = YES;
				CLANG_WARN_UNGUARDED_AVAILABILITY = YES_AGGRESSIVE;
				CLANG_WARN_UNREACHABLE_CODE = YES;
				CLANG_WARN__DUPLICATE_METHOD_MATCH = YES;
				COPY_PHASE_STRIP = NO;
				DEBUG_INFORMATION_FORMAT = dwarf;
				ENABLE_STRICT_OBJC_MSGSEND = YES;
				ENABLE_TESTABILITY = YES;
				GCC_C_LANGUAGE_STANDARD = gnu11;
				GCC_DYNAMIC_NO_PIC = NO;
				GCC_NO_COMMON_BLOCKS = YES;
				GCC_OPTIMIZATION_LEVEL = 0;
				GCC_PREPROCESSOR_DEFINITIONS = (
					"DEBUG=1",
					"$(inherited)",
				);
				GCC_WARN_64_TO_32_BIT_CONVERSION = YES;
				GCC_WARN_ABOUT_RETURN_TYPE = YES_ERROR;
				GCC_WARN_UNDECLARED_SELECTOR = YES;
				GCC_WARN_UNINITIALIZED_AUTOS = YES_AGGRESSIVE;
				GCC_WARN_UNUSED_FUNCTION = YES;
				GCC_WARN_UNUSED_VARIABLE = YES;
				IPHONEOS_DEPLOYMENT_TARGET = 13.4;
				MTL_ENABLE_DEBUG_INFO = INCLUDE_SOURCE;
				MTL_FAST_MATH = YES;
				ONLY_ACTIVE_ARCH = YES;
				SDKROOT = iphoneos;
				SWIFT_ACTIVE_COMPILATION_CONDITIONS = DEBUG;
				SWIFT_OPTIMIZATION_LEVEL = "-Onone";
			};
			name = Debug;
		};
		84334E0426909D6A00631A9B /* Release */ = {
			isa = XCBuildConfiguration;
			buildSettings = {
				ALWAYS_SEARCH_USER_PATHS = NO;
				CLANG_ANALYZER_NONNULL = YES;
				CLANG_ANALYZER_NUMBER_OBJECT_CONVERSION = YES_AGGRESSIVE;
				CLANG_CXX_LANGUAGE_STANDARD = "gnu++14";
				CLANG_CXX_LIBRARY = "libc++";
				CLANG_ENABLE_MODULES = YES;
				CLANG_ENABLE_OBJC_ARC = YES;
				CLANG_ENABLE_OBJC_WEAK = YES;
				CLANG_WARN_BLOCK_CAPTURE_AUTORELEASING = YES;
				CLANG_WARN_BOOL_CONVERSION = YES;
				CLANG_WARN_COMMA = YES;
				CLANG_WARN_CONSTANT_CONVERSION = YES;
				CLANG_WARN_DEPRECATED_OBJC_IMPLEMENTATIONS = YES;
				CLANG_WARN_DIRECT_OBJC_ISA_USAGE = YES_ERROR;
				CLANG_WARN_DOCUMENTATION_COMMENTS = YES;
				CLANG_WARN_EMPTY_BODY = YES;
				CLANG_WARN_ENUM_CONVERSION = YES;
				CLANG_WARN_INFINITE_RECURSION = YES;
				CLANG_WARN_INT_CONVERSION = YES;
				CLANG_WARN_NON_LITERAL_NULL_CONVERSION = YES;
				CLANG_WARN_OBJC_IMPLICIT_RETAIN_SELF = YES;
				CLANG_WARN_OBJC_LITERAL_CONVERSION = YES;
				CLANG_WARN_OBJC_ROOT_CLASS = YES_ERROR;
				CLANG_WARN_RANGE_LOOP_ANALYSIS = YES;
				CLANG_WARN_STRICT_PROTOTYPES = YES;
				CLANG_WARN_SUSPICIOUS_MOVE = YES;
				CLANG_WARN_UNGUARDED_AVAILABILITY = YES_AGGRESSIVE;
				CLANG_WARN_UNREACHABLE_CODE = YES;
				CLANG_WARN__DUPLICATE_METHOD_MATCH = YES;
				COPY_PHASE_STRIP = NO;
				DEBUG_INFORMATION_FORMAT = "dwarf-with-dsym";
				ENABLE_NS_ASSERTIONS = NO;
				ENABLE_STRICT_OBJC_MSGSEND = YES;
				GCC_C_LANGUAGE_STANDARD = gnu11;
				GCC_NO_COMMON_BLOCKS = YES;
				GCC_WARN_64_TO_32_BIT_CONVERSION = YES;
				GCC_WARN_ABOUT_RETURN_TYPE = YES_ERROR;
				GCC_WARN_UNDECLARED_SELECTOR = YES;
				GCC_WARN_UNINITIALIZED_AUTOS = YES_AGGRESSIVE;
				GCC_WARN_UNUSED_FUNCTION = YES;
				GCC_WARN_UNUSED_VARIABLE = YES;
				IPHONEOS_DEPLOYMENT_TARGET = 13.4;
				MTL_ENABLE_DEBUG_INFO = NO;
				MTL_FAST_MATH = YES;
				SDKROOT = iphoneos;
				SWIFT_COMPILATION_MODE = wholemodule;
				SWIFT_OPTIMIZATION_LEVEL = "-O";
				VALIDATE_PRODUCT = YES;
			};
			name = Release;
		};
		84334E0626909D6A00631A9B /* Debug */ = {
			isa = XCBuildConfiguration;
			buildSettings = {
				ASSETCATALOG_COMPILER_APPICON_NAME = AppIcon;
				CODE_SIGN_STYLE = Automatic;
				INFOPLIST_FILE = "Note-Me/Info.plist";
				LD_RUNPATH_SEARCH_PATHS = (
					"$(inherited)",
					"@executable_path/Frameworks",
				);
				PRODUCT_BUNDLE_IDENTIFIER = "com.sr.Note-Me";
				PRODUCT_NAME = "$(TARGET_NAME)";
				SWIFT_VERSION = 5.0;
				TARGETED_DEVICE_FAMILY = "1,2";
			};
			name = Debug;
		};
		84334E0726909D6A00631A9B /* Release */ = {
			isa = XCBuildConfiguration;
			buildSettings = {
				ASSETCATALOG_COMPILER_APPICON_NAME = AppIcon;
				CODE_SIGN_STYLE = Automatic;
				INFOPLIST_FILE = "Note-Me/Info.plist";
				LD_RUNPATH_SEARCH_PATHS = (
					"$(inherited)",
					"@executable_path/Frameworks",
				);
				PRODUCT_BUNDLE_IDENTIFIER = "com.sr.Note-Me";
				PRODUCT_NAME = "$(TARGET_NAME)";
				SWIFT_VERSION = 5.0;
				TARGETED_DEVICE_FAMILY = "1,2";
			};
			name = Release;
		};
/* End XCBuildConfiguration section */

/* Begin XCConfigurationList section */
		84334DE926909D6500631A9B /* Build configuration list for PBXProject "Note-Me" */ = {
			isa = XCConfigurationList;
			buildConfigurations = (
				84334E0326909D6A00631A9B /* Debug */,
				84334E0426909D6A00631A9B /* Release */,
			);
			defaultConfigurationIsVisible = 0;
			defaultConfigurationName = Release;
		};
		84334E0526909D6A00631A9B /* Build configuration list for PBXNativeTarget "Note-Me" */ = {
			isa = XCConfigurationList;
			buildConfigurations = (
				84334E0626909D6A00631A9B /* Debug */,
				84334E0726909D6A00631A9B /* Release */,
			);
			defaultConfigurationIsVisible = 0;
			defaultConfigurationName = Release;
		};
/* End XCConfigurationList section */

/* Begin XCVersionGroup section */
		84334DFA26909D6500631A9B /* Note_Me.xcdatamodeld */ = {
			isa = XCVersionGroup;
			children = (
				84334DFB26909D6500631A9B /* Note_Me.xcdatamodel */,
			);
			currentVersion = 84334DFB26909D6500631A9B /* Note_Me.xcdatamodel */;
			path = Note_Me.xcdatamodeld;
			sourceTree = "<group>";
			versionGroupType = wrapper.xcdatamodel;
		};
/* End XCVersionGroup section */
	};
	rootObject = 84334DE626909D6500631A9B /* Project object */;
}
